
Microsoft Visual Studio Solution File, Format Version 12.00
# Visual Studio Version 17
VisualStudioVersion = 17.0.31903.59
MinimumVisualStudioVersion = 10.0.40219.1
Project("{9A19103F-16F7-4668-BE54-9A1E7A4F7556}") = "DnD.UI", "DnD Hub\DnD.UI.csproj", "{A9043A58-539C-4856-8FFE-CC90E27A5F8F}"
EndProject
Project("{9A19103F-16F7-4668-BE54-9A1E7A4F7556}") = "DnD.Rolls", "DnD.Rolls\DnD.Rolls.csproj", "{F9BE8A6C-1E99-446B-84D9-9016C668E6D6}"
EndProject
Project("{9A19103F-16F7-4668-BE54-9A1E7A4F7556}") = "DnD.Models", "DnD.Objects\DnD.Models.csproj", "{488B8C62-5508-4C40-9C38-3CC7156913F9}"
EndProject
Project("{FAE04EC0-301F-11D3-BF4B-00C04F79EFBC}") = "Smyers.Extensions", "Smyers.Extensions\Smyers.Extensions.csproj", "{FE51E395-AF54-406F-9B54-8E02B35476FF}"
EndProject
Project("{FAE04EC0-301F-11D3-BF4B-00C04F79EFBC}") = "DnD.Tests", "DnD.Tests\DnD.Tests.csproj", "{01314EB7-66F2-450C-B6B8-F3658B3A26C0}"
EndProject
Global
	GlobalSection(SolutionConfigurationPlatforms) = preSolution
		Debug|Any CPU = Debug|Any CPU
		Release|Any CPU = Release|Any CPU
	EndGlobalSection
	GlobalSection(ProjectConfigurationPlatforms) = postSolution
		{A9043A58-539C-4856-8FFE-CC90E27A5F8F}.Debug|Any CPU.ActiveCfg = Debug|Any CPU
		{A9043A58-539C-4856-8FFE-CC90E27A5F8F}.Debug|Any CPU.Build.0 = Debug|Any CPU
		{A9043A58-539C-4856-8FFE-CC90E27A5F8F}.Release|Any CPU.ActiveCfg = Release|Any CPU
		{A9043A58-539C-4856-8FFE-CC90E27A5F8F}.Release|Any CPU.Build.0 = Release|Any CPU
		{F9BE8A6C-1E99-446B-84D9-9016C668E6D6}.Debug|Any CPU.ActiveCfg = Debug|Any CPU
		{F9BE8A6C-1E99-446B-84D9-9016C668E6D6}.Debug|Any CPU.Build.0 = Debug|Any CPU
		{F9BE8A6C-1E99-446B-84D9-9016C668E6D6}.Release|Any CPU.ActiveCfg = Release|Any CPU
		{F9BE8A6C-1E99-446B-84D9-9016C668E6D6}.Release|Any CPU.Build.0 = Release|Any CPU
		{488B8C62-5508-4C40-9C38-3CC7156913F9}.Debug|Any CPU.ActiveCfg = Debug|Any CPU
		{488B8C62-5508-4C40-9C38-3CC7156913F9}.Debug|Any CPU.Build.0 = Debug|Any CPU
		{488B8C62-5508-4C40-9C38-3CC7156913F9}.Release|Any CPU.ActiveCfg = Release|Any CPU
		{488B8C62-5508-4C40-9C38-3CC7156913F9}.Release|Any CPU.Build.0 = Release|Any CPU
		{FE51E395-AF54-406F-9B54-8E02B35476FF}.Debug|Any CPU.ActiveCfg = Debug|Any CPU
		{FE51E395-AF54-406F-9B54-8E02B35476FF}.Debug|Any CPU.Build.0 = Debug|Any CPU
		{FE51E395-AF54-406F-9B54-8E02B35476FF}.Release|Any CPU.ActiveCfg = Release|Any CPU
		{FE51E395-AF54-406F-9B54-8E02B35476FF}.Release|Any CPU.Build.0 = Release|Any CPU
		{01314EB7-66F2-450C-B6B8-F3658B3A26C0}.Debug|Any CPU.ActiveCfg = Debug|Any CPU
		{01314EB7-66F2-450C-B6B8-F3658B3A26C0}.Debug|Any CPU.Build.0 = Debug|Any CPU
		{01314EB7-66F2-450C-B6B8-F3658B3A26C0}.Release|Any CPU.ActiveCfg = Release|Any CPU
		{01314EB7-66F2-450C-B6B8-F3658B3A26C0}.Release|Any CPU.Build.0 = Release|Any CPU
	EndGlobalSection
	GlobalSection(SolutionProperties) = preSolution
		HideSolutionNode = FALSE
	EndGlobalSection
	GlobalSection(ExtensibilityGlobals) = postSolution
		SolutionGuid = {BEACB66E-96F2-45D2-B761-9295D5ADD278}
	EndGlobalSection
EndGlobal
